
Microsoft Visual Studio Solution File, Format Version 12.00
# Visual Studio Version 17
VisualStudioVersion = 17.5.33627.172
MinimumVisualStudioVersion = 10.0.40219.1
Project("{FAE04EC0-301F-11D3-BF4B-00C04F79EFBC}") = "C# Lab Question 04", "C# Lab Question 04\C# Lab Question 04.csproj", "{EA2B29AB-01A1-4BBA-8F2B-F93D721D73AB}"
EndProject
Global
	GlobalSection(SolutionConfigurationPlatforms) = preSolution
		Debug|Any CPU = Debug|Any CPU
		Release|Any CPU = Release|Any CPU
	EndGlobalSection
	GlobalSection(ProjectConfigurationPlatforms) = postSolution
		{EA2B29AB-01A1-4BBA-8F2B-F93D721D73AB}.Debug|Any CPU.ActiveCfg = Debug|Any CPU
		{EA2B29AB-01A1-4BBA-8F2B-F93D721D73AB}.Debug|Any CPU.Build.0 = Debug|Any CPU
		{EA2B29AB-01A1-4BBA-8F2B-F93D721D73AB}.Release|Any CPU.ActiveCfg = Release|Any CPU
		{EA2B29AB-01A1-4BBA-8F2B-F93D721D73AB}.Release|Any CPU.Build.0 = Release|Any CPU
	EndGlobalSection
	GlobalSection(SolutionProperties) = preSolution
		HideSolutionNode = FALSE
	EndGlobalSection
	GlobalSection(ExtensibilityGlobals) = postSolution
		SolutionGuid = {05DE9D4A-5F03-4130-A3C1-42793B3DA1F7}
	EndGlobalSection
EndGlobal
