
Microsoft Visual Studio Solution File, Format Version 12.00
# Visual Studio Version 17
VisualStudioVersion = 17.5.33627.172
MinimumVisualStudioVersion = 10.0.40219.1
Project("{FAE04EC0-301F-11D3-BF4B-00C04F79EFBC}") = "C# Lab question 02", "C# Lab question 02\C# Lab question 02.csproj", "{FFFEE587-F1FE-429B-A875-A60B550D515F}"
EndProject
Global
	GlobalSection(SolutionConfigurationPlatforms) = preSolution
		Debug|Any CPU = Debug|Any CPU
		Release|Any CPU = Release|Any CPU
	EndGlobalSection
	GlobalSection(ProjectConfigurationPlatforms) = postSolution
		{FFFEE587-F1FE-429B-A875-A60B550D515F}.Debug|Any CPU.ActiveCfg = Debug|Any CPU
		{FFFEE587-F1FE-429B-A875-A60B550D515F}.Debug|Any CPU.Build.0 = Debug|Any CPU
		{FFFEE587-F1FE-429B-A875-A60B550D515F}.Release|Any CPU.ActiveCfg = Release|Any CPU
		{FFFEE587-F1FE-429B-A875-A60B550D515F}.Release|Any CPU.Build.0 = Release|Any CPU
	EndGlobalSection
	GlobalSection(SolutionProperties) = preSolution
		HideSolutionNode = FALSE
	EndGlobalSection
	GlobalSection(ExtensibilityGlobals) = postSolution
		SolutionGuid = {E5A4B7A3-7A6F-455E-A455-DC7CBD5DB787}
	EndGlobalSection
EndGlobal
